[[package]]
name = "asgiref"
version = "3.5.0"
description = "ASGI specs, helper code, and adapters"
category = "main"
optional = false
python-versions = ">=3.7"

[package.extras]
tests = ["pytest", "pytest-asyncio", "mypy (>=0.800)"]

[[package]]
name = "backports.cached-property"
version = "1.0.1"
description = "cached_property() - computed once per instance, cached as attribute"
category = "main"
optional = true
python-versions = ">=3.6.0"

[[package]]
name = "backports.zoneinfo"
version = "0.2.1"
description = "Backport of the standard library zoneinfo module"
category = "main"
optional = false
python-versions = ">=3.6"

[package.extras]
tzdata = ["tzdata"]

[[package]]
name = "click"
version = "8.0.4"
description = "Composable command line interface toolkit"
category = "main"
optional = true
python-versions = ">=3.6"

[package.dependencies]
colorama = {version = "*", markers = "platform_system == \"Windows\""}
importlib-metadata = {version = "*", markers = "python_version < \"3.8\""}

[[package]]
name = "colorama"
version = "0.4.4"
description = "Cross-platform colored terminal text."
category = "main"
optional = false
python-versions = ">=2.7, !=3.0.*, !=3.1.*, !=3.2.*, !=3.3.*, !=3.4.*"

[[package]]
name = "distlib"
version = "0.3.4"
description = "Distribution utilities"
category = "dev"
optional = false
python-versions = "*"

[[package]]
name = "django"
version = "4.0.3"
description = "A high-level Python web framework that encourages rapid development and clean, pragmatic design."
category = "main"
optional = false
python-versions = ">=3.8"

[package.dependencies]
asgiref = ">=3.4.1,<4"
"backports.zoneinfo" = {version = "*", markers = "python_version < \"3.9\""}
sqlparse = ">=0.2.2"
tzdata = {version = "*", markers = "sys_platform == \"win32\""}

[package.extras]
argon2 = ["argon2-cffi (>=19.1.0)"]
bcrypt = ["bcrypt"]

[[package]]
name = "filelock"
version = "3.6.0"
description = "A platform independent file lock."
category = "dev"
optional = false
python-versions = ">=3.7"

[package.extras]
docs = ["furo (>=2021.8.17b43)", "sphinx (>=4.1)", "sphinx-autodoc-typehints (>=1.12)"]
testing = ["covdefaults (>=1.2.0)", "coverage (>=4)", "pytest (>=4)", "pytest-cov", "pytest-timeout (>=1.4.2)"]

[[package]]
name = "graphene"
version = "2.0"
description = "GraphQL Framework for Python"
category = "main"
optional = true
python-versions = "*"

[package.dependencies]
graphql-core = ">=2.0"
graphql-relay = ">=0.4.5"
promise = ">=2.1"
six = ">=1.10.0"

[package.extras]
django = ["graphene-django"]
sqlalchemy = ["graphene-sqlalchemy"]
test = ["coveralls", "iso8601", "mock", "pytest", "pytest-benchmark", "pytest-cov", "pytest-mock", "pytz", "six", "snapshottest"]

[[package]]
name = "graphene-django"
version = "2.0.0"
description = "Graphene Django integration"
category = "main"
optional = true
python-versions = "*"

[package.dependencies]
Django = ">=1.8.0"
graphene = ">=2.0"
iso8601 = "*"
promise = ">=2.1"
singledispatch = ">=3.4.0.3"
six = ">=1.10.0"

[package.extras]
rest_framework = ["djangorestframework (>=3.6.3)"]
test = ["coveralls", "django-filter", "djangorestframework (>=3.6.3)", "mock", "pytest (>=2.7.2)", "pytest-cov", "pytest-django (==2.9.1)", "pytz"]

[[package]]
name = "graphql-core"
version = "3.2.0"
description = "GraphQL implementation for Python, a port of GraphQL.js, the JavaScript reference implementation for GraphQL."
category = "main"
optional = false
python-versions = ">=3.6,<4"

[[package]]
name = "graphql-relay"
version = "3.0.0"
description = "Relay library for graphql-core-next"
category = "main"
optional = true
python-versions = ">=3.6,<4"

[package.dependencies]
graphql-core = ">=3.0.0a0"

[[package]]
name = "importlib-metadata"
version = "4.11.2"
description = "Read metadata from Python packages"
category = "main"
optional = false
python-versions = ">=3.7"

[package.dependencies]
typing-extensions = {version = ">=3.6.4", markers = "python_version < \"3.8\""}
zipp = ">=0.5"

[package.extras]
docs = ["sphinx", "jaraco.packaging (>=9)", "rst.linker (>=1.9)"]
perf = ["ipython"]
testing = ["pytest (>=6)", "pytest-checkdocs (>=2.4)", "pytest-flake8", "pytest-cov", "pytest-enabler (>=1.0.1)", "packaging", "pyfakefs", "flufl.flake8", "pytest-perf (>=0.9.2)", "pytest-black (>=0.3.7)", "pytest-mypy (>=0.9.1)", "importlib-resources (>=1.3)"]

[[package]]
name = "iso8601"
version = "1.0.2"
description = "Simple module to parse ISO 8601 dates"
category = "main"
optional = true
python-versions = ">=3.6.2,<4.0"

[[package]]
name = "packaging"
version = "21.3"
description = "Core utilities for Python packages"
category = "dev"
optional = false
python-versions = ">=3.6"

[package.dependencies]
pyparsing = ">=2.0.2,<3.0.5 || >3.0.5"

[[package]]
name = "platformdirs"
version = "2.5.1"
description = "A small Python module for determining appropriate platform-specific dirs, e.g. a \"user data dir\"."
category = "dev"
optional = false
python-versions = ">=3.7"

[package.extras]
docs = ["Sphinx (>=4)", "furo (>=2021.7.5b38)", "proselint (>=0.10.2)", "sphinx-autodoc-typehints (>=1.12)"]
test = ["appdirs (==1.4.4)", "pytest (>=6)", "pytest-cov (>=2.7)", "pytest-mock (>=3.6)"]

[[package]]
name = "pluggy"
version = "1.0.0"
description = "plugin and hook calling mechanisms for python"
category = "dev"
optional = false
python-versions = ">=3.6"

[package.dependencies]
importlib-metadata = {version = ">=0.12", markers = "python_version < \"3.8\""}

[package.extras]
dev = ["pre-commit", "tox"]
testing = ["pytest", "pytest-benchmark"]

[[package]]
name = "promise"
version = "2.3"
description = "Promises/A+ implementation for Python"
category = "main"
optional = true
python-versions = "*"

[package.dependencies]
six = "*"

[package.extras]
test = ["pytest (>=2.7.3)", "pytest-cov", "coveralls", "futures", "pytest-benchmark", "mock"]

[[package]]
name = "py"
version = "1.11.0"
description = "library with cross-python path, ini-parsing, io, code, log facilities"
category = "dev"
optional = false
python-versions = ">=2.7, !=3.0.*, !=3.1.*, !=3.2.*, !=3.3.*, !=3.4.*"

[[package]]
name = "pygments"
version = "2.11.2"
description = "Pygments is a syntax highlighting package written in Python."
category = "main"
optional = true
python-versions = ">=3.5"

[[package]]
name = "pyparsing"
version = "3.0.7"
description = "Python parsing module"
category = "dev"
optional = false
python-versions = ">=3.6"

[package.extras]
diagrams = ["jinja2", "railroad-diagrams"]

[[package]]
name = "python-dateutil"
version = "2.8.2"
description = "Extensions to the standard Python datetime module"
category = "main"
optional = true
python-versions = "!=3.0.*,!=3.1.*,!=3.2.*,>=2.7"

[package.dependencies]
six = ">=1.5"

[[package]]
name = "python-multipart"
version = "0.0.5"
description = "A streaming multipart parser for Python"
category = "main"
optional = true
python-versions = "*"

[package.dependencies]
six = ">=1.4.0"

[[package]]
name = "sentinel"
version = "0.3.0"
description = "Create sentinel objects, akin to None, NotImplemented, Ellipsis"
category = "main"
optional = true
python-versions = ">=3.6,<4.0"

[package.extras]
varname = ["varname (>=0.1)"]

[[package]]
name = "singledispatch"
version = "3.7.0"
description = "Backport functools.singledispatch from Python 3.4 to Python 2.6-3.3."
category = "main"
optional = true
python-versions = ">=2.6"

[package.dependencies]
six = "*"

[package.extras]
docs = ["sphinx", "jaraco.packaging (>=8.2)", "rst.linker (>=1.9)"]
testing = ["pytest (>=4.6)", "pytest-flake8", "pytest-cov", "pytest-black (>=0.3.7)", "unittest2", "pytest-checkdocs (>=2.4)"]

[[package]]
name = "six"
version = "1.16.0"
description = "Python 2 and 3 compatibility utilities"
category = "main"
optional = false
python-versions = ">=2.7, !=3.0.*, !=3.1.*, !=3.2.*"

[[package]]
name = "sqlparse"
version = "0.4.2"
description = "A non-validating SQL parser."
category = "main"
optional = false
python-versions = ">=3.5"

[[package]]
name = "strawberry-graphql"
version = "0.99.2"
description = "A library for creating GraphQL APIs"
category = "main"
optional = true
python-versions = ">=3.7,<4.0"

[package.dependencies]
"backports.cached-property" = ">=1.0.1,<2.0.0"
click = ">=7.0,<9.0"
graphql-core = ">=3.2.0,<3.3.0"
pygments = ">=2.3,<3.0"
python-dateutil = ">=2.7.0,<3.0.0"
python-multipart = ">=0.0.5,<0.0.6"
sentinel = ">=0.3.0,<0.4.0"
typing_extensions = ">=3.7.4,<5.0.0"

[package.extras]
asgi = ["starlette (>=0.13.6,<0.17.0)"]
debug-server = ["starlette (>=0.13.6,<0.17.0)", "uvicorn (>=0.11.6,<0.18.0)"]
django = ["Django (>=2.2,<4)", "Django (>=2.2,<5)", "asgiref (>=3.2,<4.0)"]
flask = ["flask (>=1.1,<2.0)"]
opentelemetry = ["opentelemetry-api (<2)", "opentelemetry-sdk (<2)"]
chalice = ["chalice (>=1.22,<2.0)"]
pydantic = ["pydantic (<2)"]
sanic = ["sanic (>=20.12.2,<22.0.0)"]
aiohttp = ["aiohttp (>=3.7.4.post0,<4.0.0)"]
fastapi = ["fastapi (>=0.65.2)"]

[[package]]
name = "strawberry-graphql-django"
version = "0.2.5"
description = "Strawberry GraphQL Django extension"
category = "main"
optional = true
python-versions = ">=3.7,<4.0"

[package.dependencies]
Django = ">=3.0"
strawberry-graphql = ">=0.69.0"

[[package]]
name = "toml"
version = "0.10.2"
description = "Python Library for Tom's Obvious, Minimal Language"
category = "dev"
optional = false
python-versions = ">=2.6, !=3.0.*, !=3.1.*, !=3.2.*"

[[package]]
name = "tox"
version = "3.24.5"
description = "tox is a generic virtualenv management and test command line tool"
category = "dev"
optional = false
python-versions = "!=3.0.*,!=3.1.*,!=3.2.*,!=3.3.*,!=3.4.*,>=2.7"

[package.dependencies]
colorama = {version = ">=0.4.1", markers = "platform_system == \"Windows\""}
filelock = ">=3.0.0"
importlib-metadata = {version = ">=0.12", markers = "python_version < \"3.8\""}
packaging = ">=14"
pluggy = ">=0.12.0"
py = ">=1.4.17"
six = ">=1.14.0"
toml = ">=0.9.4"
virtualenv = ">=16.0.0,<20.0.0 || >20.0.0,<20.0.1 || >20.0.1,<20.0.2 || >20.0.2,<20.0.3 || >20.0.3,<20.0.4 || >20.0.4,<20.0.5 || >20.0.5,<20.0.6 || >20.0.6,<20.0.7 || >20.0.7"

[package.extras]
docs = ["pygments-github-lexers (>=0.0.5)", "sphinx (>=2.0.0)", "sphinxcontrib-autoprogram (>=0.1.5)", "towncrier (>=18.5.0)"]
testing = ["flaky (>=3.4.0)", "freezegun (>=0.3.11)", "pytest (>=4.0.0)", "pytest-cov (>=2.5.1)", "pytest-mock (>=1.10.0)", "pytest-randomly (>=1.0.0)", "psutil (>=5.6.1)", "pathlib2 (>=2.3.3)"]

[[package]]
name = "typing-extensions"
version = "4.1.1"
description = "Backported and Experimental Type Hints for Python 3.6+"
category = "main"
optional = false
python-versions = ">=3.6"

[[package]]
name = "tzdata"
version = "2021.5"
description = "Provider of IANA time zone data"
category = "main"
optional = false
python-versions = ">=2"

[[package]]
name = "virtualenv"
version = "20.13.2"
description = "Virtual Python Environment builder"
category = "dev"
optional = false
python-versions = "!=3.0.*,!=3.1.*,!=3.2.*,!=3.3.*,!=3.4.*,>=2.7"

[package.dependencies]
distlib = ">=0.3.1,<1"
filelock = ">=3.2,<4"
importlib-metadata = {version = ">=0.12", markers = "python_version < \"3.8\""}
platformdirs = ">=2,<3"
six = ">=1.9.0,<2"

[package.extras]
docs = ["proselint (>=0.10.2)", "sphinx (>=3)", "sphinx-argparse (>=0.2.5)", "sphinx-rtd-theme (>=0.4.3)", "towncrier (>=21.3)"]
testing = ["coverage (>=4)", "coverage-enable-subprocess (>=1)", "flaky (>=3)", "pytest (>=4)", "pytest-env (>=0.6.2)", "pytest-freezegun (>=0.4.1)", "pytest-mock (>=2)", "pytest-randomly (>=1)", "pytest-timeout (>=1)", "packaging (>=20.0)"]

[[package]]
name = "zipp"
version = "3.7.0"
description = "Backport of pathlib-compatible object wrapper for zip files"
category = "main"
optional = false
python-versions = ">=3.7"

[package.extras]
docs = ["sphinx", "jaraco.packaging (>=8.2)", "rst.linker (>=1.9)"]
testing = ["pytest (>=6)", "pytest-checkdocs (>=2.4)", "pytest-flake8", "pytest-cov", "pytest-enabler (>=1.0.1)", "jaraco.itertools", "func-timeout", "pytest-black (>=0.3.7)", "pytest-mypy"]

[metadata]
lock-version = "1.1"
python-versions = ">=3.7,<4"
content-hash = "7b20d3346a1ec0598999e3c572020b7cb1e86954e4eb8432d243368ca196b936"

[metadata.files]
asgiref = [
    {file = "asgiref-3.5.0-py3-none-any.whl", hash = "sha256:88d59c13d634dcffe0510be048210188edd79aeccb6a6c9028cdad6f31d730a9"},
    {file = "asgiref-3.5.0.tar.gz", hash = "sha256:2f8abc20f7248433085eda803936d98992f1343ddb022065779f37c5da0181d0"},
]
"backports.cached-property" = [
    {file = "backports.cached-property-1.0.1.tar.gz", hash = "sha256:1a5ef1e750f8bc7d0204c807aae8e0f450c655be0cf4b30407a35fd4bb27186c"},
    {file = "backports.cached_property-1.0.1-py3-none-any.whl", hash = "sha256:687b5fe14be40aadcf547cae91337a1fdb84026046a39370274e54d3fe4fb4f9"},
]
"backports.zoneinfo" = [
    {file = "backports.zoneinfo-0.2.1-cp36-cp36m-macosx_10_14_x86_64.whl", hash = "sha256:da6013fd84a690242c310d77ddb8441a559e9cb3d3d59ebac9aca1a57b2e18bc"},
    {file = "backports.zoneinfo-0.2.1-cp36-cp36m-manylinux1_i686.whl", hash = "sha256:89a48c0d158a3cc3f654da4c2de1ceba85263fafb861b98b59040a5086259722"},
    {file = "backports.zoneinfo-0.2.1-cp36-cp36m-manylinux1_x86_64.whl", hash = "sha256:1c5742112073a563c81f786e77514969acb58649bcdf6cdf0b4ed31a348d4546"},
    {file = "backports.zoneinfo-0.2.1-cp36-cp36m-win32.whl", hash = "sha256:e8236383a20872c0cdf5a62b554b27538db7fa1bbec52429d8d106effbaeca08"},
    {file = "backports.zoneinfo-0.2.1-cp36-cp36m-win_amd64.whl", hash = "sha256:8439c030a11780786a2002261569bdf362264f605dfa4d65090b64b05c9f79a7"},
    {file = "backports.zoneinfo-0.2.1-cp37-cp37m-macosx_10_14_x86_64.whl", hash = "sha256:f04e857b59d9d1ccc39ce2da1021d196e47234873820cbeaad210724b1ee28ac"},
    {file = "backports.zoneinfo-0.2.1-cp37-cp37m-manylinux1_i686.whl", hash = "sha256:17746bd546106fa389c51dbea67c8b7c8f0d14b5526a579ca6ccf5ed72c526cf"},
    {file = "backports.zoneinfo-0.2.1-cp37-cp37m-manylinux1_x86_64.whl", hash = "sha256:5c144945a7752ca544b4b78c8c41544cdfaf9786f25fe5ffb10e838e19a27570"},
    {file = "backports.zoneinfo-0.2.1-cp37-cp37m-win32.whl", hash = "sha256:e55b384612d93be96506932a786bbcde5a2db7a9e6a4bb4bffe8b733f5b9036b"},
    {file = "backports.zoneinfo-0.2.1-cp37-cp37m-win_amd64.whl", hash = "sha256:a76b38c52400b762e48131494ba26be363491ac4f9a04c1b7e92483d169f6582"},
    {file = "backports.zoneinfo-0.2.1-cp38-cp38-macosx_10_14_x86_64.whl", hash = "sha256:8961c0f32cd0336fb8e8ead11a1f8cd99ec07145ec2931122faaac1c8f7fd987"},
    {file = "backports.zoneinfo-0.2.1-cp38-cp38-manylinux1_i686.whl", hash = "sha256:e81b76cace8eda1fca50e345242ba977f9be6ae3945af8d46326d776b4cf78d1"},
    {file = "backports.zoneinfo-0.2.1-cp38-cp38-manylinux1_x86_64.whl", hash = "sha256:7b0a64cda4145548fed9efc10322770f929b944ce5cee6c0dfe0c87bf4c0c8c9"},
    {file = "backports.zoneinfo-0.2.1-cp38-cp38-win32.whl", hash = "sha256:1b13e654a55cd45672cb54ed12148cd33628f672548f373963b0bff67b217328"},
    {file = "backports.zoneinfo-0.2.1-cp38-cp38-win_amd64.whl", hash = "sha256:4a0f800587060bf8880f954dbef70de6c11bbe59c673c3d818921f042f9954a6"},
    {file = "backports.zoneinfo-0.2.1.tar.gz", hash = "sha256:fadbfe37f74051d024037f223b8e001611eac868b5c5b06144ef4d8b799862f2"},
]
click = [
    {file = "click-8.0.4-py3-none-any.whl", hash = "sha256:6a7a62563bbfabfda3a38f3023a1db4a35978c0abd76f6c9605ecd6554d6d9b1"},
    {file = "click-8.0.4.tar.gz", hash = "sha256:8458d7b1287c5fb128c90e23381cf99dcde74beaf6c7ff6384ce84d6fe090adb"},
]
colorama = [
    {file = "colorama-0.4.4-py2.py3-none-any.whl", hash = "sha256:9f47eda37229f68eee03b24b9748937c7dc3868f906e8ba69fbcbdd3bc5dc3e2"},
    {file = "colorama-0.4.4.tar.gz", hash = "sha256:5941b2b48a20143d2267e95b1c2a7603ce057ee39fd88e7329b0c292aa16869b"},
]
distlib = [
    {file = "distlib-0.3.4-py2.py3-none-any.whl", hash = "sha256:6564fe0a8f51e734df6333d08b8b94d4ea8ee6b99b5ed50613f731fd4089f34b"},
    {file = "distlib-0.3.4.zip", hash = "sha256:e4b58818180336dc9c529bfb9a0b58728ffc09ad92027a3f30b7cd91e3458579"},
]
django = [
    {file = "Django-4.0.3-py3-none-any.whl", hash = "sha256:1239218849e922033a35d2a2f777cb8bee18bd725416744074f455f34ff50d0c"},
    {file = "Django-4.0.3.tar.gz", hash = "sha256:77ff2e7050e3324c9b67e29b6707754566f58514112a9ac73310f60cd5261930"},
]
filelock = [
    {file = "filelock-3.6.0-py3-none-any.whl", hash = "sha256:f8314284bfffbdcfa0ff3d7992b023d4c628ced6feb957351d4c48d059f56bc0"},
    {file = "filelock-3.6.0.tar.gz", hash = "sha256:9cd540a9352e432c7246a48fe4e8712b10acb1df2ad1f30e8c070b82ae1fed85"},
]
graphene = [
    {file = "graphene-2.0-py2.py3-none-any.whl", hash = "sha256:543392c6027f78da9a0fcc9bf678b8db7dcd2528b4193644d8f63d73fe4e8b03"},
    {file = "graphene-2.0.tar.gz", hash = "sha256:d8b91565bdf3d3688b3d035b8a20768c49b2226e19bb21d280e0485d33f8e25c"},
]
graphene-django = [
    {file = "graphene-django-2.0.0.tar.gz", hash = "sha256:70d9358bc48c806b6a9458e8344f0a1211cd1f1ef923a092aa55e6bcacc2c3fc"},
    {file = "graphene_django-2.0.0-py2.py3-none-any.whl", hash = "sha256:5cabf46b59f242a533fe1df1912c87d5ad6606246937609be2e6c9086cfdf7a4"},
]
graphql-core = [
    {file = "graphql-core-3.2.0.tar.gz", hash = "sha256:86e2a0be008bfde19ef78388de8a725a1d942a9190ca431c24a60837973803ce"},
    {file = "graphql_core-3.2.0-py3-none-any.whl", hash = "sha256:0dda7e63676f119bb3d814621190fedad72fda07a8e9ab780bedd9f1957c6dc6"},
]
graphql-relay = [
    {file = "graphql-relay-3.0.0.tar.gz", hash = "sha256:ad3f69a8b360c310c0c5611894f1e3fd5c6a5427b84f0f2cf5aee7a588bb5556"},
    {file = "graphql_relay-3.0.0-py3-none-any.whl", hash = "sha256:b05ca0547557874f3bb1f34e4a6dce20bc60359fe6e73daaa63bb90df85f7ba9"},
]
importlib-metadata = [
    {file = "importlib_metadata-4.11.2-py3-none-any.whl", hash = "sha256:d16e8c1deb60de41b8e8ed21c1a7b947b0bc62fab7e1d470bcdf331cea2e6735"},
    {file = "importlib_metadata-4.11.2.tar.gz", hash = "sha256:b36ffa925fe3139b2f6ff11d6925ffd4fa7bc47870165e3ac260ac7b4f91e6ac"},
]
iso8601 = [
    {file = "iso8601-1.0.2-py3-none-any.whl", hash = "sha256:d7bc01b1c2a43b259570bb307f057abc578786ea734ba2b87b836c5efc5bd443"},
    {file = "iso8601-1.0.2.tar.gz", hash = "sha256:27f503220e6845d9db954fb212b95b0362d8b7e6c1b2326a87061c3de93594b1"},
]
packaging = [
    {file = "packaging-21.3-py3-none-any.whl", hash = "sha256:ef103e05f519cdc783ae24ea4e2e0f508a9c99b2d4969652eed6a2e1ea5bd522"},
    {file = "packaging-21.3.tar.gz", hash = "sha256:dd47c42927d89ab911e606518907cc2d3a1f38bbd026385970643f9c5b8ecfeb"},
]
platformdirs = [
    {file = "platformdirs-2.5.1-py3-none-any.whl", hash = "sha256:bcae7cab893c2d310a711b70b24efb93334febe65f8de776ee320b517471e227"},
    {file = "platformdirs-2.5.1.tar.gz", hash = "sha256:7535e70dfa32e84d4b34996ea99c5e432fa29a708d0f4e394bbcb2a8faa4f16d"},
]
pluggy = [
    {file = "pluggy-1.0.0-py2.py3-none-any.whl", hash = "sha256:74134bbf457f031a36d68416e1509f34bd5ccc019f0bcc952c7b909d06b37bd3"},
    {file = "pluggy-1.0.0.tar.gz", hash = "sha256:4224373bacce55f955a878bf9cfa763c1e360858e330072059e10bad68531159"},
]
promise = [
    {file = "promise-2.3.tar.gz", hash = "sha256:dfd18337c523ba4b6a58801c164c1904a9d4d1b1747c7d5dbf45b693a49d93d0"},
]
py = [
    {file = "py-1.11.0-py2.py3-none-any.whl", hash = "sha256:607c53218732647dff4acdfcd50cb62615cedf612e72d1724fb1a0cc6405b378"},
    {file = "py-1.11.0.tar.gz", hash = "sha256:51c75c4126074b472f746a24399ad32f6053d1b34b68d2fa41e558e6f4a98719"},
]
pygments = [
    {file = "Pygments-2.11.2-py3-none-any.whl", hash = "sha256:44238f1b60a76d78fc8ca0528ee429702aae011c265fe6a8dd8b63049ae41c65"},
    {file = "Pygments-2.11.2.tar.gz", hash = "sha256:4e426f72023d88d03b2fa258de560726ce890ff3b630f88c21cbb8b2503b8c6a"},
]
pyparsing = [
    {file = "pyparsing-3.0.7-py3-none-any.whl", hash = "sha256:a6c06a88f252e6c322f65faf8f418b16213b51bdfaece0524c1c1bc30c63c484"},
    {file = "pyparsing-3.0.7.tar.gz", hash = "sha256:18ee9022775d270c55187733956460083db60b37d0d0fb357445f3094eed3eea"},
]
python-dateutil = [
    {file = "python-dateutil-2.8.2.tar.gz", hash = "sha256:0123cacc1627ae19ddf3c27a5de5bd67ee4586fbdd6440d9748f8abb483d3e86"},
    {file = "python_dateutil-2.8.2-py2.py3-none-any.whl", hash = "sha256:961d03dc3453ebbc59dbdea9e4e11c5651520a876d0f4db161e8674aae935da9"},
]
python-multipart = [
    {file = "python-multipart-0.0.5.tar.gz", hash = "sha256:f7bb5f611fc600d15fa47b3974c8aa16e93724513b49b5f95c81e6624c83fa43"},
]
sentinel = [
    {file = "sentinel-0.3.0-py3-none-any.whl", hash = "sha256:bd8710dd26752039c668604f6be2aaf741b56f7811c5924a4dcdfd74359244f3"},
    {file = "sentinel-0.3.0.tar.gz", hash = "sha256:f28143aa4716dbc8f6193f5682176a3c33cd26aaae05d9ecf66c186a9887cc2d"},
]
singledispatch = [
    {file = "singledispatch-3.7.0-py2.py3-none-any.whl", hash = "sha256:bc77afa97c8a22596d6d4fc20f1b7bdd2b86edc2a65a4262bdd7cc3cc19aa989"},
    {file = "singledispatch-3.7.0.tar.gz", hash = "sha256:c1a4d5c1da310c3fd8fccfb8d4e1cb7df076148fd5d858a819e37fffe44f3092"},
]
six = [
    {file = "six-1.16.0-py2.py3-none-any.whl", hash = "sha256:8abb2f1d86890a2dfb989f9a77cfcfd3e47c2a354b01111771326f8aa26e0254"},
    {file = "six-1.16.0.tar.gz", hash = "sha256:1e61c37477a1626458e36f7b1d82aa5c9b094fa4802892072e49de9c60c4c926"},
]
sqlparse = [
    {file = "sqlparse-0.4.2-py3-none-any.whl", hash = "sha256:48719e356bb8b42991bdbb1e8b83223757b93789c00910a616a071910ca4a64d"},
    {file = "sqlparse-0.4.2.tar.gz", hash = "sha256:0c00730c74263a94e5a9919ade150dfc3b19c574389985446148402998287dae"},
]
strawberry-graphql = [
    {file = "strawberry-graphql-0.99.2.tar.gz", hash = "sha256:cbe67482525ce3ffb7850e7105b0f583486403e01eadfed3bf6355db163c331b"},
    {file = "strawberry_graphql-0.99.2-py3-none-any.whl", hash = "sha256:2e47c9d7693622169cd4e9716016e18c145e7f62ce30578ad22de26a65f3416d"},
]
strawberry-graphql-django = [
    {file = "strawberry-graphql-django-0.2.5.tar.gz", hash = "sha256:483d97c24ce440a1e3cb92ec3e1fdc0cf534d9afa79600396b0a27a5d9d97793"},
    {file = "strawberry_graphql_django-0.2.5-py3-none-any.whl", hash = "sha256:dee8011bf074c618b7ddab0a92d0832b0ceea2dcb69ee422003a98e4a28c14d6"},
]
toml = [
    {file = "toml-0.10.2-py2.py3-none-any.whl", hash = "sha256:806143ae5bfb6a3c6e736a764057db0e6a0e05e338b5630894a5f779cabb4f9b"},
    {file = "toml-0.10.2.tar.gz", hash = "sha256:b3bda1d108d5dd99f4a20d24d9c348e91c4db7ab1b749200bded2f839ccbe68f"},
]
tox = [
    {file = "tox-3.24.5-py2.py3-none-any.whl", hash = "sha256:be3362472a33094bce26727f5f771ca0facf6dafa217f65875314e9a6600c95c"},
    {file = "tox-3.24.5.tar.gz", hash = "sha256:67e0e32c90e278251fea45b696d0fef3879089ccbe979b0c556d35d5a70e2993"},
]
typing-extensions = [
    {file = "typing_extensions-4.1.1-py3-none-any.whl", hash = "sha256:21c85e0fe4b9a155d0799430b0ad741cdce7e359660ccbd8b530613e8df88ce2"},
    {file = "typing_extensions-4.1.1.tar.gz", hash = "sha256:1a9462dcc3347a79b1f1c0271fbe79e844580bb598bafa1ed208b94da3cdcd42"},
]
tzdata = [
    {file = "tzdata-2021.5-py2.py3-none-any.whl", hash = "sha256:3eee491e22ebfe1e5cfcc97a4137cd70f092ce59144d81f8924a844de05ba8f5"},
    {file = "tzdata-2021.5.tar.gz", hash = "sha256:68dbe41afd01b867894bbdfd54fa03f468cfa4f0086bfb4adcd8de8f24f3ee21"},
]
virtualenv = [
    {file = "virtualenv-20.13.2-py2.py3-none-any.whl", hash = "sha256:e7b34c9474e6476ee208c43a4d9ac1510b041c68347eabfe9a9ea0c86aa0a46b"},
    {file = "virtualenv-20.13.2.tar.gz", hash = "sha256:01f5f80744d24a3743ce61858123488e91cb2dd1d3bdf92adaf1bba39ffdedf0"},
]
zipp = [
    {file = "zipp-3.7.0-py3-none-any.whl", hash = "sha256:b47250dd24f92b7dd6a0a8fc5244da14608f3ca90a5efcd37a3b1642fac9a375"},
    {file = "zipp-3.7.0.tar.gz", hash = "sha256:9f50f446828eb9d45b267433fd3e9da8d801f614129124863f9c51ebceafb87d"},
]
